Microsoft Visual Studio Solution File, Format Version 12.00
# Visual Studio Version 17
VisualStudioVersion = 17.5.2.0
MinimumVisualStudioVersion = 10.0.40219.1
Project("{FAE04EC0-301F-11D3-BF4B-00C04F79EFBC}") = "MiniStore", "MiniStore.csproj", "{5C4FE3B3-68A8-56E7-2E66-13830DF425B3}"
EndProject
Global
	GlobalSection(SolutionConfigurationPlatforms) = preSolution
		Debug|Any CPU = Debug|Any CPU
		Release|Any CPU = Release|Any CPU
	EndGlobalSection
	GlobalSection(ProjectConfigurationPlatforms) = postSolution
		{5C4FE3B3-68A8-56E7-2E66-13830DF425B3}.Debug|Any CPU.ActiveCfg = Debug|Any CPU
		{5C4FE3B3-68A8-56E7-2E66-13830DF425B3}.Debug|Any CPU.Build.0 = Debug|Any CPU
		{5C4FE3B3-68A8-56E7-2E66-13830DF425B3}.Release|Any CPU.ActiveCfg = Release|Any CPU
		{5C4FE3B3-68A8-56E7-2E66-13830DF425B3}.Release|Any CPU.Build.0 = Release|Any CPU
	EndGlobalSection
	GlobalSection(SolutionProperties) = preSolution
		HideSolutionNode = FALSE
	EndGlobalSection
	GlobalSection(ExtensibilityGlobals) = postSolution
		SolutionGuid = {653E0E62-DE08-4165-AC18-B50207A02EB7}
	EndGlobalSection
EndGlobal
